
Microsoft Visual Studio Solution File, Format Version 12.00
# Visual Studio Version 16
VisualStudioVersion = 16.0.29709.97
MinimumVisualStudioVersion = 10.0.40219.1
Project("{FAE04EC0-301F-11D3-BF4B-00C04F79EFBC}") = "Zolotarev_1", "Zolotarev_1.csproj", "{69D0A081-B545-466F-8DC8-1E1EE80B3791}"
EndProject
Global
	GlobalSection(SolutionConfigurationPlatforms) = preSolution
		Debug|Any CPU = Debug|Any CPU
		Release|Any CPU = Release|Any CPU
	EndGlobalSection
	GlobalSection(ProjectConfigurationPlatforms) = postSolution
		{69D0A081-B545-466F-8DC8-1E1EE80B3791}.Debug|Any CPU.ActiveCfg = Debug|Any CPU
		{69D0A081-B545-466F-8DC8-1E1EE80B3791}.Debug|Any CPU.Build.0 = Debug|Any CPU
		{69D0A081-B545-466F-8DC8-1E1EE80B3791}.Release|Any CPU.ActiveCfg = Release|Any CPU
		{69D0A081-B545-466F-8DC8-1E1EE80B3791}.Release|Any CPU.Build.0 = Release|Any CPU
	EndGlobalSection
	GlobalSection(SolutionProperties) = preSolution
		HideSolutionNode = FALSE
	EndGlobalSection
	GlobalSection(ExtensibilityGlobals) = postSolution
		SolutionGuid = {657F849B-65C9-42DB-905B-DE8BE51D4972}
	EndGlobalSection
EndGlobal
